// !$*UTF8*$!
{
	archiveVersion = 1;
	classes = {
	};
	objectVersion = 56;
	objects = {

/* Begin PBXBuildFile section */
		E3D29C002C2B746A0089F3BD /* AppDelegate.swift in Sources */ = {isa = PBXBuildFile; fileRef = E3D29BFF2C2B746A0089F3BD /* AppDelegate.swift */; };
		E3D29C022C2B746A0089F3BD /* SceneDelegate.swift in Sources */ = {isa = PBXBuildFile; fileRef = E3D29C012C2B746A0089F3BD /* SceneDelegate.swift */; };
		E3D29C042C2B746A0089F3BD /* ViewController.swift in Sources */ = {isa = PBXBuildFile; fileRef = E3D29C032C2B746A0089F3BD /* ViewController.swift */; };
		E3D29C072C2B746A0089F3BD /* Base in Resources */ = {isa = PBXBuildFile; fileRef = E3D29C062C2B746A0089F3BD /* Base */; };
		E3D29C092C2B747A0089F3BD /* Assets.xcassets in Resources */ = {isa = PBXBuildFile; fileRef = E3D29C082C2B747A0089F3BD /* Assets.xcassets */; };
		E3D29C0C2C2B747A0089F3BD /* Base in Resources */ = {isa = PBXBuildFile; fileRef = E3D29C0B2C2B747A0089F3BD /* Base */; };
		E3D29C172C2B747B0089F3BD /* ShareMyLocationTests.swift in Sources */ = {isa = PBXBuildFile; fileRef = E3D29C162C2B747B0089F3BD /* ShareMyLocationTests.swift */; };
		E3D29C212C2B747B0089F3BD /* ShareMyLocationUITests.swift in Sources */ = {isa = PBXBuildFile; fileRef = E3D29C202C2B747B0089F3BD /* ShareMyLocationUITests.swift */; };
		E3D29C232C2B747B0089F3BD /* ShareMyLocationUITestsLaunchTests.swift in Sources */ = {isa = PBXBuildFile; fileRef = E3D29C222C2B747B0089F3BD /* ShareMyLocationUITestsLaunchTests.swift */; };
		E3D29C342C2B74C30089F3BD /* Alamofire in Frameworks */ = {isa = PBXBuildFile; productRef = E3D29C332C2B74C30089F3BD /* Alamofire */; };
		E3D29C392C2B81130089F3BD /* GoogleMaps in Frameworks */ = {isa = PBXBuildFile; productRef = E3D29C382C2B81130089F3BD /* GoogleMaps */; };
/* End PBXBuildFile section */

/* Begin PBXContainerItemProxy section */
		E3D29C132C2B747B0089F3BD /* PBXContainerItemProxy */ = {
			isa = PBXContainerItemProxy;
			containerPortal = E3D29BF42C2B746A0089F3BD /* Project object */;
			proxyType = 1;
			remoteGlobalIDString = E3D29BFB2C2B746A0089F3BD;
			remoteInfo = ShareMyLocation;
		};
		E3D29C1D2C2B747B0089F3BD /* PBXContainerItemProxy */ = {
			isa = PBXContainerItemProxy;
			containerPortal = E3D29BF42C2B746A0089F3BD /* Project object */;
			proxyType = 1;
			remoteGlobalIDString = E3D29BFB2C2B746A0089F3BD;
			remoteInfo = ShareMyLocation;
		};
/* End PBXContainerItemProxy section */

/* Begin PBXFileReference section */
		E3D29BFC2C2B746A0089F3BD /* ShareMyLocation.app */ = {isa = PBXFileReference; explicitFileType = wrapper.application; includeInIndex = 0; path = ShareMyLocation.app; sourceTree = BUILT_PRODUCTS_DIR; };
		E3D29BFF2C2B746A0089F3BD /* AppDelegate.swift */ = {isa = PBXFileReference; lastKnownFileType = sourcecode.swift; path = AppDelegate.swift; sourceTree = "<group>"; };
		E3D29C012C2B746A0089F3BD /* SceneDelegate.swift */ = {isa = PBXFileReference; lastKnownFileType = sourcecode.swift; path = SceneDelegate.swift; sourceTree = "<group>"; };
		E3D29C032C2B746A0089F3BD /* ViewController.swift */ = {isa = PBXFileReference; lastKnownFileType = sourcecode.swift; path = ViewController.swift; sourceTree = "<group>"; };
		E3D29C062C2B746A0089F3BD /* Base */ = {isa = PBXFileReference; lastKnownFileType = file.storyboard; name = Base; path = Base.lproj/Main.storyboard; sourceTree = "<group>"; };
		E3D29C082C2B747A0089F3BD /* Assets.xcassets */ = {isa = PBXFileReference; lastKnownFileType = folder.assetcatalog; path = Assets.xcassets; sourceTree = "<group>"; };
		E3D29C0B2C2B747A0089F3BD /* Base */ = {isa = PBXFileReference; lastKnownFileType = file.storyboard; name = Base; path = Base.lproj/LaunchScreen.storyboard; sourceTree = "<group>"; };
		E3D29C0D2C2B747A0089F3BD /* Info.plist */ = {isa = PBXFileReference; lastKnownFileType = text.plist.xml; path = Info.plist; sourceTree = "<group>"; };
		E3D29C122C2B747B0089F3BD /* ShareMyLocationTests.xctest */ = {isa = PBXFileReference; explicitFileType = wrapper.cfbundle; includeInIndex = 0; path = ShareMyLocationTests.xctest; sourceTree = BUILT_PRODUCTS_DIR; };
		E3D29C162C2B747B0089F3BD /* ShareMyLocationTests.swift */ = {isa = PBXFileReference; lastKnownFileType = sourcecode.swift; path = ShareMyLocationTests.swift; sourceTree = "<group>"; };
		E3D29C1C2C2B747B0089F3BD /* ShareMyLocationUITests.xctest */ = {isa = PBXFileReference; explicitFileType = wrapper.cfbundle; includeInIndex = 0; path = ShareMyLocationUITests.xctest; sourceTree = BUILT_PRODUCTS_DIR; };
		E3D29C202C2B747B0089F3BD /* ShareMyLocationUITests.swift */ = {isa = PBXFileReference; lastKnownFileType = sourcecode.swift; path = ShareMyLocationUITests.swift; sourceTree = "<group>"; };
		E3D29C222C2B747B0089F3BD /* ShareMyLocationUITestsLaunchTests.swift */ = {isa = PBXFileReference; lastKnownFileType = sourcecode.swift; path = ShareMyLocationUITestsLaunchTests.swift; sourceTree = "<group>"; };
/* End PBXFileReference section */

/* Begin PBXFrameworksBuildPhase section */
		E3D29BF92C2B746A0089F3BD /* Frameworks */ = {
			isa = PBXFrameworksBuildPhase;
			buildActionMask = 2147483647;
			files = (
				E3D29C392C2B81130089F3BD /* GoogleMaps in Frameworks */,
				E3D29C342C2B74C30089F3BD /* Alamofire in Frameworks */,
			);
			runOnlyForDeploymentPostprocessing = 0;
		};
		E3D29C0F2C2B747B0089F3BD /* Frameworks */ = {
			isa = PBXFrameworksBuildPhase;
			buildActionMask = 2147483647;
			files = (
			);
			runOnlyForDeploymentPostprocessing = 0;
		};
		E3D29C192C2B747B0089F3BD /* Frameworks */ = {
			isa = PBXFrameworksBuildPhase;
			buildActionMask = 2147483647;
			files = (
			);
			runOnlyForDeploymentPostprocessing = 0;
		};
/* End PBXFrameworksBuildPhase section */

/* Begin PBXGroup section */
		E3D29BF32C2B746A0089F3BD = {
			isa = PBXGroup;
			children = (
				E3D29BFE2C2B746A0089F3BD /* ShareMyLocation */,
				E3D29C152C2B747B0089F3BD /* ShareMyLocationTests */,
				E3D29C1F2C2B747B0089F3BD /* ShareMyLocationUITests */,
				E3D29BFD2C2B746A0089F3BD /* Products */,
				E3D29C322C2B74C20089F3BD /* Frameworks */,
			);
			sourceTree = "<group>";
		};
		E3D29BFD2C2B746A0089F3BD /* Products */ = {
			isa = PBXGroup;
			children = (
				E3D29BFC2C2B746A0089F3BD /* ShareMyLocation.app */,
				E3D29C122C2B747B0089F3BD /* ShareMyLocationTests.xctest */,
				E3D29C1C2C2B747B0089F3BD /* ShareMyLocationUITests.xctest */,
			);
			name = Products;
			sourceTree = "<group>";
		};
		E3D29BFE2C2B746A0089F3BD /* ShareMyLocation */ = {
			isa = PBXGroup;
			children = (
				E3D29BFF2C2B746A0089F3BD /* AppDelegate.swift */,
				E3D29C012C2B746A0089F3BD /* SceneDelegate.swift */,
				E3D29C032C2B746A0089F3BD /* ViewController.swift */,
				E3D29C052C2B746A0089F3BD /* Main.storyboard */,
				E3D29C082C2B747A0089F3BD /* Assets.xcassets */,
				E3D29C0A2C2B747A0089F3BD /* LaunchScreen.storyboard */,
				E3D29C0D2C2B747A0089F3BD /* Info.plist */,
			);
			path = ShareMyLocation;
			sourceTree = "<group>";
		};
		E3D29C152C2B747B0089F3BD /* ShareMyLocationTests */ = {
			isa = PBXGroup;
			children = (
				E3D29C162C2B747B0089F3BD /* ShareMyLocationTests.swift */,
			);
			path = ShareMyLocationTests;
			sourceTree = "<group>";
		};
		E3D29C1F2C2B747B0089F3BD /* ShareMyLocationUITests */ = {
			isa = PBXGroup;
			children = (
				E3D29C202C2B747B0089F3BD /* ShareMyLocationUITests.swift */,
				E3D29C222C2B747B0089F3BD /* ShareMyLocationUITestsLaunchTests.swift */,
			);
			path = ShareMyLocationUITests;
			sourceTree = "<group>";
		};
		E3D29C322C2B74C20089F3BD /* Frameworks */ = {
			isa = PBXGroup;
			children = (
			);
			name = Frameworks;
			sourceTree = "<group>";
		};
/* End PBXGroup section */

/* Begin PBXNativeTarget section */
		E3D29BFB2C2B746A0089F3BD /* ShareMyLocation */ = {
			isa = PBXNativeTarget;
			buildConfigurationList = E3D29C262C2B747B0089F3BD /* Build configuration list for PBXNativeTarget "ShareMyLocation" */;
			buildPhases = (
				E3D29BF82C2B746A0089F3BD /* Sources */,
				E3D29BF92C2B746A0089F3BD /* Frameworks */,
				E3D29BFA2C2B746A0089F3BD /* Resources */,
			);
			buildRules = (
			);
			dependencies = (
				E3D29C372C2B80FF0089F3BD /* PBXTargetDependency */,
				E3D29C312C2B74B30089F3BD /* PBXTargetDependency */,
			);
			name = ShareMyLocation;
			packageProductDependencies = (
				E3D29C332C2B74C30089F3BD /* Alamofire */,
				E3D29C382C2B81130089F3BD /* GoogleMaps */,
			);
			productName = ShareMyLocation;
			productReference = E3D29BFC2C2B746A0089F3BD /* ShareMyLocation.app */;
			productType = "com.apple.product-type.application";
		};
		E3D29C112C2B747B0089F3BD /* ShareMyLocationTests */ = {
			isa = PBXNativeTarget;
			buildConfigurationList = E3D29C292C2B747B0089F3BD /* Build configuration list for PBXNativeTarget "ShareMyLocationTests" */;
			buildPhases = (
				E3D29C0E2C2B747B0089F3BD /* Sources */,
				E3D29C0F2C2B747B0089F3BD /* Frameworks */,
				E3D29C102C2B747B0089F3BD /* Resources */,
			);
			buildRules = (
			);
			dependencies = (
				E3D29C142C2B747B0089F3BD /* PBXTargetDependency */,
			);
			name = ShareMyLocationTests;
			productName = ShareMyLocationTests;
			productReference = E3D29C122C2B747B0089F3BD /* ShareMyLocationTests.xctest */;
			productType = "com.apple.product-type.bundle.unit-test";
		};
		E3D29C1B2C2B747B0089F3BD /* ShareMyLocationUITests */ = {
			isa = PBXNativeTarget;
			buildConfigurationList = E3D29C2C2C2B747B0089F3BD /* Build configuration list for PBXNativeTarget "ShareMyLocationUITests" */;
			buildPhases = (
				E3D29C182C2B747B0089F3BD /* Sources */,
				E3D29C192C2B747B0089F3BD /* Frameworks */,
				E3D29C1A2C2B747B0089F3BD /* Resources */,
			);
			buildRules = (
			);
			dependencies = (
				E3D29C1E2C2B747B0089F3BD /* PBXTargetDependency */,
			);
			name = ShareMyLocationUITests;
			productName = ShareMyLocationUITests;
			productReference = E3D29C1C2C2B747B0089F3BD /* ShareMyLocationUITests.xctest */;
			productType = "com.apple.product-type.bundle.ui-testing";
		};
/* End PBXNativeTarget section */

/* Begin PBXProject section */
		E3D29BF42C2B746A0089F3BD /* Project object */ = {
			isa = PBXProject;
			attributes = {
				BuildIndependentTargetsInParallel = 1;
				LastSwiftUpdateCheck = 1530;
				LastUpgradeCheck = 1530;
				TargetAttributes = {
					E3D29BFB2C2B746A0089F3BD = {
						CreatedOnToolsVersion = 15.3;
					};
					E3D29C112C2B747B0089F3BD = {
						CreatedOnToolsVersion = 15.3;
						TestTargetID = E3D29BFB2C2B746A0089F3BD;
					};
					E3D29C1B2C2B747B0089F3BD = {
						CreatedOnToolsVersion = 15.3;
						TestTargetID = E3D29BFB2C2B746A0089F3BD;
					};
				};
			};
			buildConfigurationList = E3D29BF72C2B746A0089F3BD /* Build configuration list for PBXProject "ShareMyLocation" */;
			compatibilityVersion = "Xcode 14.0";
			developmentRegion = en;
			hasScannedForEncodings = 0;
			knownRegions = (
				en,
				Base,
			);
			mainGroup = E3D29BF32C2B746A0089F3BD;
			packageReferences = (
				E3D29C2F2C2B749F0089F3BD /* XCRemoteSwiftPackageReference "Alamofire" */,
				E3D29C352C2B80DD0089F3BD /* XCRemoteSwiftPackageReference "ios-maps-sdk" */,
			);
			productRefGroup = E3D29BFD2C2B746A0089F3BD /* Products */;
			projectDirPath = "";
			projectRoot = "";
			targets = (
				E3D29BFB2C2B746A0089F3BD /* ShareMyLocation */,
				E3D29C112C2B747B0089F3BD /* ShareMyLocationTests */,
				E3D29C1B2C2B747B0089F3BD /* ShareMyLocationUITests */,
			);
		};
/* End PBXProject section */

/* Begin PBXResourcesBuildPhase section */
		E3D29BFA2C2B746A0089F3BD /* Resources */ = {
			isa = PBXResourcesBuildPhase;
			buildActionMask = 2147483647;
			files = (
				E3D29C092C2B747A0089F3BD /* Assets.xcassets in Resources */,
				E3D29C0C2C2B747A0089F3BD /* Base in Resources */,
				E3D29C072C2B746A0089F3BD /* Base in Resources */,
			);
			runOnlyForDeploymentPostprocessing = 0;
		};
		E3D29C102C2B747B0089F3BD /* Resources */ = {
			isa = PBXResourcesBuildPhase;
			buildActionMask = 2147483647;
			files = (
			);
			runOnlyForDeploymentPostprocessing = 0;
		};
		E3D29C1A2C2B747B0089F3BD /* Resources */ = {
			isa = PBXResourcesBuildPhase;
			buildActionMask = 2147483647;
			files = (
			);
			runOnlyForDeploymentPostprocessing = 0;
		};
/* End PBXResourcesBuildPhase section */

/* Begin PBXSourcesBuildPhase section */
		E3D29BF82C2B746A0089F3BD /* Sources */ = {
			isa = PBXSourcesBuildPhase;
			buildActionMask = 2147483647;
			files = (
				E3D29C042C2B746A0089F3BD /* ViewController.swift in Sources */,
				E3D29C002C2B746A0089F3BD /* AppDelegate.swift in Sources */,
				E3D29C022C2B746A0089F3BD /* SceneDelegate.swift in Sources */,
			);
			runOnlyForDeploymentPostprocessing = 0;
		};
		E3D29C0E2C2B747B0089F3BD /* Sources */ = {
			isa = PBXSourcesBuildPhase;
			buildActionMask = 2147483647;
			files = (
				E3D29C172C2B747B0089F3BD /* ShareMyLocationTests.swift in Sources */,
			);
			runOnlyForDeploymentPostprocessing = 0;
		};
		E3D29C182C2B747B0089F3BD /* Sources */ = {
			isa = PBXSourcesBuildPhase;
			buildActionMask = 2147483647;
			files = (
				E3D29C212C2B747B0089F3BD /* ShareMyLocationUITests.swift in Sources */,
				E3D29C232C2B747B0089F3BD /* ShareMyLocationUITestsLaunchTests.swift in Sources */,
			);
			runOnlyForDeploymentPostprocessing = 0;
		};
/* End PBXSourcesBuildPhase section */

/* Begin PBXTargetDependency section */
		E3D29C142C2B747B0089F3BD /* PBXTargetDependency */ = {
			isa = PBXTargetDependency;
			target = E3D29BFB2C2B746A0089F3BD /* ShareMyLocation */;
			targetProxy = E3D29C132C2B747B0089F3BD /* PBXContainerItemProxy */;
		};
		E3D29C1E2C2B747B0089F3BD /* PBXTargetDependency */ = {
			isa = PBXTargetDependency;
			target = E3D29BFB2C2B746A0089F3BD /* ShareMyLocation */;
			targetProxy = E3D29C1D2C2B747B0089F3BD /* PBXContainerItemProxy */;
		};
		E3D29C312C2B74B30089F3BD /* PBXTargetDependency */ = {
			isa = PBXTargetDependency;
			productRef = E3D29C302C2B74B30089F3BD /* Alamofire */;
		};
		E3D29C372C2B80FF0089F3BD /* PBXTargetDependency */ = {
			isa = PBXTargetDependency;
			productRef = E3D29C362C2B80FF0089F3BD /* GoogleMaps */;
		};
/* End PBXTargetDependency section */

/* Begin PBXVariantGroup section */
		E3D29C052C2B746A0089F3BD /* Main.storyboard */ = {
			isa = PBXVariantGroup;
			children = (
				E3D29C062C2B746A0089F3BD /* Base */,
			);
			name = Main.storyboard;
			sourceTree = "<group>";
		};
		E3D29C0A2C2B747A0089F3BD /* LaunchScreen.storyboard */ = {
			isa = PBXVariantGroup;
			children = (
				E3D29C0B2C2B747A0089F3BD /* Base */,
			);
			name = LaunchScreen.storyboard;
			sourceTree = "<group>";
		};
/* End PBXVariantGroup section */

/* Begin XCBuildConfiguration section */
		E3D29C242C2B747B0089F3BD /* Debug */ = {
			isa = XCBuildConfiguration;
			buildSettings = {
				ALWAYS_SEARCH_USER_PATHS = NO;
				ASSETCATALOG_COMPILER_GENERATE_SWIFT_ASSET_SYMBOL_EXTENSIONS = YES;
				CLANG_ANALYZER_NONNULL = YES;
				CLANG_ANALYZER_NUMBER_OBJECT_CONVERSION = YES_AGGRESSIVE;
				CLANG_CXX_LANGUAGE_STANDARD = "gnu++20";
				CLANG_ENABLE_MODULES = YES;
				CLANG_ENABLE_OBJC_ARC = YES;
				CLANG_ENABLE_OBJC_WEAK = YES;
				CLANG_WARN_BLOCK_CAPTURE_AUTORELEASING = YES;
				CLANG_WARN_BOOL_CONVERSION = YES;
				CLANG_WARN_COMMA = YES;
				CLANG_WARN_CONSTANT_CONVERSION = YES;
				CLANG_WARN_DEPRECATED_OBJC_IMPLEMENTATIONS = YES;
				CLANG_WARN_DIRECT_OBJC_ISA_USAGE = YES_ERROR;
				CLANG_WARN_DOCUMENTATION_COMMENTS = YES;
				CLANG_WARN_EMPTY_BODY = YES;
				CLANG_WARN_ENUM_CONVERSION = YES;
				CLANG_WARN_INFINITE_RECURSION = YES;
				CLANG_WARN_INT_CONVERSION = YES;
				CLANG_WARN_NON_LITERAL_NULL_CONVERSION = YES;
				CLANG_WARN_OBJC_IMPLICIT_RETAIN_SELF = YES;
				CLANG_WARN_OBJC_LITERAL_CONVERSION = YES;
				CLANG_WARN_OBJC_ROOT_CLASS = YES_ERROR;
				CLANG_WARN_QUOTED_INCLUDE_IN_FRAMEWORK_HEADER = YES;
				CLANG_WARN_RANGE_LOOP_ANALYSIS = YES;
				CLANG_WARN_STRICT_PROTOTYPES = YES;
				CLANG_WARN_SUSPICIOUS_MOVE = YES;
				CLANG_WARN_UNGUARDED_AVAILABILITY = YES_AGGRESSIVE;
				CLANG_WARN_UNREACHABLE_CODE = YES;
				CLANG_WARN__DUPLICATE_METHOD_MATCH = YES;
				COPY_PHASE_STRIP = NO;
				DEBUG_INFORMATION_FORMAT = dwarf;
				ENABLE_STRICT_OBJC_MSGSEND = YES;
				ENABLE_TESTABILITY = YES;
				ENABLE_USER_SCRIPT_SANDBOXING = YES;
				GCC_C_LANGUAGE_STANDARD = gnu17;
				GCC_DYNAMIC_NO_PIC = NO;
				GCC_NO_COMMON_BLOCKS = YES;
				GCC_OPTIMIZATION_LEVEL = 0;
				GCC_PREPROCESSOR_DEFINITIONS = (
					"DEBUG=1",
					"$(inherited)",
				);
				GCC_WARN_64_TO_32_BIT_CONVERSION = YES;
				GCC_WARN_ABOUT_RETURN_TYPE = YES_ERROR;
				GCC_WARN_UNDECLARED_SELECTOR = YES;
				GCC_WARN_UNINITIALIZED_AUTOS = YES_AGGRESSIVE;
				GCC_WARN_UNUSED_FUNCTION = YES;
				GCC_WARN_UNUSED_VARIABLE = YES;
				IPHONEOS_DEPLOYMENT_TARGET = 17.4;
				LOCALIZATION_PREFERS_STRING_CATALOGS = YES;
				MTL_ENABLE_DEBUG_INFO = INCLUDE_SOURCE;
				MTL_FAST_MATH = YES;
				ONLY_ACTIVE_ARCH = YES;
				SDKROOT = iphoneos;
				SWIFT_ACTIVE_COMPILATION_CONDITIONS = "DEBUG $(inherited)";
				SWIFT_OPTIMIZATION_LEVEL = "-Onone";
			};
			name = Debug;
		};
		E3D29C252C2B747B0089F3BD /* Release */ = {
			isa = XCBuildConfiguration;
			buildSettings = {
				ALWAYS_SEARCH_USER_PATHS = NO;
				ASSETCATALOG_COMPILER_GENERATE_SWIFT_ASSET_SYMBOL_EXTENSIONS = YES;
				CLANG_ANALYZER_NONNULL = YES;
				CLANG_ANALYZER_NUMBER_OBJECT_CONVERSION = YES_AGGRESSIVE;
				CLANG_CXX_LANGUAGE_STANDARD = "gnu++20";
				CLANG_ENABLE_MODULES = YES;
				CLANG_ENABLE_OBJC_ARC = YES;
				CLANG_ENABLE_OBJC_WEAK = YES;
				CLANG_WARN_BLOCK_CAPTURE_AUTORELEASING = YES;
				CLANG_WARN_BOOL_CONVERSION = YES;
				CLANG_WARN_COMMA = YES;
				CLANG_WARN_CONSTANT_CONVERSION = YES;
				CLANG_WARN_DEPRECATED_OBJC_IMPLEMENTATIONS = YES;
				CLANG_WARN_DIRECT_OBJC_ISA_USAGE = YES_ERROR;
				CLANG_WARN_DOCUMENTATION_COMMENTS = YES;
				CLANG_WARN_EMPTY_BODY = YES;
				CLANG_WARN_ENUM_CONVERSION = YES;
				CLANG_WARN_INFINITE_RECURSION = YES;
				CLANG_WARN_INT_CONVERSION = YES;
				CLANG_WARN_NON_LITERAL_NULL_CONVERSION = YES;
				CLANG_WARN_OBJC_IMPLICIT_RETAIN_SELF = YES;
				CLANG_WARN_OBJC_LITERAL_CONVERSION = YES;
				CLANG_WARN_OBJC_ROOT_CLASS = YES_ERROR;
				CLANG_WARN_QUOTED_INCLUDE_IN_FRAMEWORK_HEADER = YES;
				CLANG_WARN_RANGE_LOOP_ANALYSIS = YES;
				CLANG_WARN_STRICT_PROTOTYPES = YES;
				CLANG_WARN_SUSPICIOUS_MOVE = YES;
				CLANG_WARN_UNGUARDED_AVAILABILITY = YES_AGGRESSIVE;
				CLANG_WARN_UNREACHABLE_CODE = YES;
				CLANG_WARN__DUPLICATE_METHOD_MATCH = YES;
				COPY_PHASE_STRIP = NO;
				DEBUG_INFORMATION_FORMAT = "dwarf-with-dsym";
				ENABLE_NS_ASSERTIONS = NO;
				ENABLE_STRICT_OBJC_MSGSEND = YES;
				ENABLE_USER_SCRIPT_SANDBOXING = YES;
				GCC_C_LANGUAGE_STANDARD = gnu17;
				GCC_NO_COMMON_BLOCKS = YES;
				GCC_WARN_64_TO_32_BIT_CONVERSION = YES;
				GCC_WARN_ABOUT_RETURN_TYPE = YES_ERROR;
				GCC_WARN_UNDECLARED_SELECTOR = YES;
				GCC_WARN_UNINITIALIZED_AUTOS = YES_AGGRESSIVE;
				GCC_WARN_UNUSED_FUNCTION = YES;
				GCC_WARN_UNUSED_VARIABLE = YES;
				IPHONEOS_DEPLOYMENT_TARGET = 17.4;
				LOCALIZATION_PREFERS_STRING_CATALOGS = YES;
				MTL_ENABLE_DEBUG_INFO = NO;
				MTL_FAST_MATH = YES;
				SDKROOT = iphoneos;
				SWIFT_COMPILATION_MODE = wholemodule;
				VALIDATE_PRODUCT = YES;
			};
			name = Release;
		};
		E3D29C272C2B747B0089F3BD /* Debug */ = {
			isa = XCBuildConfiguration;
			buildSettings = {
				ASSETCATALOG_COMPILER_APPICON_NAME = AppIcon;
				ASSETCATALOG_COMPILER_GLOBAL_ACCENT_COLOR_NAME = AccentColor;
				CODE_SIGN_STYLE = Automatic;
				CURRENT_PROJECT_VERSION = 1;
				GENERATE_INFOPLIST_FILE = YES;
				INFOPLIST_FILE = ShareMyLocation/Info.plist;
				INFOPLIST_KEY_UIApplicationSupportsIndirectInputEvents = YES;
				INFOPLIST_KEY_UILaunchStoryboardName = LaunchScreen;
				INFOPLIST_KEY_UIMainStoryboardFile = Main;
				INFOPLIST_KEY_UISupportedInterfaceOrientations_iPad = "UIInterfaceOrientationPortrait UIInterfaceOrientationPortraitUpsideDown UIInterfaceOrientationLandscapeLeft UIInterfaceOrientationLandscapeRight";
				INFOPLIST_KEY_UISupportedInterfaceOrientations_iPhone = "UIInterfaceOrientationPortrait UIInterfaceOrientationLandscapeLeft UIInterfaceOrientationLandscapeRight";
				LD_RUNPATH_SEARCH_PATHS = (
					"$(inherited)",
					"@executable_path/Frameworks",
				);
				MARKETING_VERSION = 1.0;
				PRODUCT_BUNDLE_IDENTIFIER = Cevdet.ShareMyLocation;
				PRODUCT_NAME = "$(TARGET_NAME)";
				SWIFT_EMIT_LOC_STRINGS = YES;
				SWIFT_VERSION = 5.0;
				TARGETED_DEVICE_FAMILY = "1,2";
			};
			name = Debug;
		};
		E3D29C282C2B747B0089F3BD /* Release */ = {
			isa = XCBuildConfiguration;
			buildSettings = {
				ASSETCATALOG_COMPILER_APPICON_NAME = AppIcon;
				ASSETCATALOG_COMPILER_GLOBAL_ACCENT_COLOR_NAME = AccentColor;
				CODE_SIGN_STYLE = Automatic;
				CURRENT_PROJECT_VERSION = 1;
				GENERATE_INFOPLIST_FILE = YES;
				INFOPLIST_FILE = ShareMyLocation/Info.plist;
				INFOPLIST_KEY_UIApplicationSupportsIndirectInputEvents = YES;
				INFOPLIST_KEY_UILaunchStoryboardName = LaunchScreen;
				INFOPLIST_KEY_UIMainStoryboardFile = Main;
				INFOPLIST_KEY_UISupportedInterfaceOrientations_iPad = "UIInterfaceOrientationPortrait UIInterfaceOrientationPortraitUpsideDown UIInterfaceOrientationLandscapeLeft UIInterfaceOrientationLandscapeRight";
				INFOPLIST_KEY_UISupportedInterfaceOrientations_iPhone = "UIInterfaceOrientationPortrait UIInterfaceOrientationLandscapeLeft UIInterfaceOrientationLandscapeRight";
				LD_RUNPATH_SEARCH_PATHS = (
					"$(inherited)",
					"@executable_path/Frameworks",
				);
				MARKETING_VERSION = 1.0;
				PRODUCT_BUNDLE_IDENTIFIER = Cevdet.ShareMyLocation;
				PRODUCT_NAME = "$(TARGET_NAME)";
				SWIFT_EMIT_LOC_STRINGS = YES;
				SWIFT_VERSION = 5.0;
				TARGETED_DEVICE_FAMILY = "1,2";
			};
			name = Release;
		};
		E3D29C2A2C2B747B0089F3BD /* Debug */ = {
			isa = XCBuildConfiguration;
			buildSettings = {
				ALWAYS_EMBED_SWIFT_STANDARD_LIBRARIES = YES;
				BUNDLE_LOADER = "$(TEST_HOST)";
				CODE_SIGN_STYLE = Automatic;
				CURRENT_PROJECT_VERSION = 1;
				GENERATE_INFOPLIST_FILE = YES;
				IPHONEOS_DEPLOYMENT_TARGET = 17.4;
				MARKETING_VERSION = 1.0;
				PRODUCT_BUNDLE_IDENTIFIER = Cevdet.ShareMyLocationTests;
				PRODUCT_NAME = "$(TARGET_NAME)";
				SWIFT_EMIT_LOC_STRINGS = NO;
				SWIFT_VERSION = 5.0;
				TARGETED_DEVICE_FAMILY = "1,2";
				TEST_HOST = "$(BUILT_PRODUCTS_DIR)/ShareMyLocation.app/$(BUNDLE_EXECUTABLE_FOLDER_PATH)/ShareMyLocation";
			};
			name = Debug;
		};
		E3D29C2B2C2B747B0089F3BD /* Release */ = {
			isa = XCBuildConfiguration;
			buildSettings = {
				ALWAYS_EMBED_SWIFT_STANDARD_LIBRARIES = YES;
				BUNDLE_LOADER = "$(TEST_HOST)";
				CODE_SIGN_STYLE = Automatic;
				CURRENT_PROJECT_VERSION = 1;
				GENERATE_INFOPLIST_FILE = YES;
				IPHONEOS_DEPLOYMENT_TARGET = 17.4;
				MARKETING_VERSION = 1.0;
				PRODUCT_BUNDLE_IDENTIFIER = Cevdet.ShareMyLocationTests;
				PRODUCT_NAME = "$(TARGET_NAME)";
				SWIFT_EMIT_LOC_STRINGS = NO;
				SWIFT_VERSION = 5.0;
				TARGETED_DEVICE_FAMILY = "1,2";
				TEST_HOST = "$(BUILT_PRODUCTS_DIR)/ShareMyLocation.app/$(BUNDLE_EXECUTABLE_FOLDER_PATH)/ShareMyLocation";
			};
			name = Release;
		};
		E3D29C2D2C2B747B0089F3BD /* Debug */ = {
			isa = XCBuildConfiguration;
			buildSettings = {
				ALWAYS_EMBED_SWIFT_STANDARD_LIBRARIES = YES;
				CODE_SIGN_STYLE = Automatic;
				CURRENT_PROJECT_VERSION = 1;
				GENERATE_INFOPLIST_FILE = YES;
				MARKETING_VERSION = 1.0;
				PRODUCT_BUNDLE_IDENTIFIER = Cevdet.ShareMyLocationUITests;
				PRODUCT_NAME = "$(TARGET_NAME)";
				SWIFT_EMIT_LOC_STRINGS = NO;
				SWIFT_VERSION = 5.0;
				TARGETED_DEVICE_FAMILY = "1,2";
				TEST_TARGET_NAME = ShareMyLocation;
			};
			name = Debug;
		};
		E3D29C2E2C2B747B0089F3BD /* Release */ = {
			isa = XCBuildConfiguration;
			buildSettings = {
				ALWAYS_EMBED_SWIFT_STANDARD_LIBRARIES = YES;
				CODE_SIGN_STYLE = Automatic;
				CURRENT_PROJECT_VERSION = 1;
				GENERATE_INFOPLIST_FILE = YES;
				MARKETING_VERSION = 1.0;
				PRODUCT_BUNDLE_IDENTIFIER = Cevdet.ShareMyLocationUITests;
				PRODUCT_NAME = "$(TARGET_NAME)";
				SWIFT_EMIT_LOC_STRINGS = NO;
				SWIFT_VERSION = 5.0;
				TARGETED_DEVICE_FAMILY = "1,2";
				TEST_TARGET_NAME = ShareMyLocation;
			};
			name = Release;
		};
/* End XCBuildConfiguration section */

/* Begin XCConfigurationList section */
		E3D29BF72C2B746A0089F3BD /* Build configuration list for PBXProject "ShareMyLocation" */ = {
			isa = XCConfigurationList;
			buildConfigurations = (
				E3D29C242C2B747B0089F3BD /* Debug */,
				E3D29C252C2B747B0089F3BD /* Release */,
			);
			defaultConfigurationIsVisible = 0;
			defaultConfigurationName = Release;
		};
		E3D29C262C2B747B0089F3BD /* Build configuration list for PBXNativeTarget "ShareMyLocation" */ = {
			isa = XCConfigurationList;
			buildConfigurations = (
				E3D29C272C2B747B0089F3BD /* Debug */,
				E3D29C282C2B747B0089F3BD /* Release */,
			);
			defaultConfigurationIsVisible = 0;
			defaultConfigurationName = Release;
		};
		E3D29C292C2B747B0089F3BD /* Build configuration list for PBXNativeTarget "ShareMyLocationTests" */ = {
			isa = XCConfigurationList;
			buildConfigurations = (
				E3D29C2A2C2B747B0089F3BD /* Debug */,
				E3D29C2B2C2B747B0089F3BD /* Release */,
			);
			defaultConfigurationIsVisible = 0;
			defaultConfigurationName = Release;
		};
		E3D29C2C2C2B747B0089F3BD /* Build configuration list for PBXNativeTarget "ShareMyLocationUITests" */ = {
			isa = XCConfigurationList;
			buildConfigurations = (
				E3D29C2D2C2B747B0089F3BD /* Debug */,
				E3D29C2E2C2B747B0089F3BD /* Release */,
			);
			defaultConfigurationIsVisible = 0;
			defaultConfigurationName = Release;
		};
/* End XCConfigurationList section */

/* Begin XCRemoteSwiftPackageReference section */
		E3D29C2F2C2B749F0089F3BD /* XCRemoteSwiftPackageReference "Alamofire" */ = {
			isa = XCRemoteSwiftPackageReference;
			repositoryURL = "https://github.com/Alamofire/Alamofire";
			requirement = {
				kind = upToNextMajorVersion;
				minimumVersion = 5.9.1;
			};
		};
		E3D29C352C2B80DD0089F3BD /* XCRemoteSwiftPackageReference "ios-maps-sdk" */ = {
			isa = XCRemoteSwiftPackageReference;
			repositoryURL = "https://github.com/googlemaps/ios-maps-sdk";
			requirement = {
				kind = upToNextMajorVersion;
				minimumVersion = 9.0.0;
			};
		};
/* End XCRemoteSwiftPackageReference section */

/* Begin XCSwiftPackageProductDependency section */
		E3D29C302C2B74B30089F3BD /* Alamofire */ = {
			isa = XCSwiftPackageProductDependency;
			package = E3D29C2F2C2B749F0089F3BD /* XCRemoteSwiftPackageReference "Alamofire" */;
			productName = Alamofire;
		};
		E3D29C332C2B74C30089F3BD /* Alamofire */ = {
			isa = XCSwiftPackageProductDependency;
			package = E3D29C2F2C2B749F0089F3BD /* XCRemoteSwiftPackageReference "Alamofire" */;
			productName = Alamofire;
		};
		E3D29C362C2B80FF0089F3BD /* GoogleMaps */ = {
			isa = XCSwiftPackageProductDependency;
			package = E3D29C352C2B80DD0089F3BD /* XCRemoteSwiftPackageReference "ios-maps-sdk" */;
			productName = GoogleMaps;
		};
		E3D29C382C2B81130089F3BD /* GoogleMaps */ = {
			isa = XCSwiftPackageProductDependency;
			package = E3D29C352C2B80DD0089F3BD /* XCRemoteSwiftPackageReference "ios-maps-sdk" */;
			productName = GoogleMaps;
		};
/* End XCSwiftPackageProductDependency section */
	};
	rootObject = E3D29BF42C2B746A0089F3BD /* Project object */;
}
